<?xml version="1.0" encoding="utf-8"?>
<Project ToolsVersion="4.0" xmlns="http://schemas.microsoft.com/developer/msbuild/2003">
  <ItemGroup>
    <Filter Include="Исходные файлы">
      <UniqueIdentifier>{4FC737F1-C7A5-4376-A066-2A32D752A2FF}</UniqueIdentifier>
      <Extensions>cpp;c;cc;cxx;c++;cppm;ixx;def;odl;idl;hpj;bat;asm;asmx</Extensions>
    </Filter>
    <Filter Include="Файлы заголовков">
      <UniqueIdentifier>{93995380-89BD-4b04-88EB-625FBE52EBFB}</UniqueIdentifier>
      <Extensions>h;hh;hpp;hxx;h++;hm;inl;inc;ipp;xsd</Extensions>
    </Filter>
    <Filter Include="Файлы ресурсов">
      <UniqueIdentifier>{67DA6AB6-F800-4c08-8B7A-83BB121AAD01}</UniqueIdentifier>
      <Extensions>rc;ico;cur;bmp;dlg;rc2;rct;bin;rgs;gif;jpg;jpeg;jpe;resx;tiff;tif;png;wav;mfcribbon-ms</Extensions>
    </Filter>
  </ItemGroup>
  <ItemGroup>
    <ClInclude Include="Socket.h">
      <Filter>Файлы заголовков</Filter>
    </ClInclude>
    <ClInclude Include="SocksException.h">
      <Filter>Файлы заголовков</Filter>
    </ClInclude>
    <ClInclude Include="Net.h">
      <Filter>Файлы заголовков</Filter>
    </ClInclude>
    <ClInclude Include="socks.h">
      <Filter>Файлы заголовков</Filter>
    </ClInclude>
    <ClInclude Include="SocketResult.h">
      <Filter>Файлы заголовков</Filter>
    </ClInclude>
    <ClInclude Include="IPVersion.h">
      <Filter>Файлы заголовков</Filter>
    </ClInclude>
    <ClInclude Include="IPEndpoint.h">
      <Filter>Файлы заголовков</Filter>
    </ClInclude>
    <ClInclude Include="SocketOption.h">
      <Filter>Файлы заголовков</Filter>
    </ClInclude>
    <ClInclude Include="SocketException.h">
      <Filter>Файлы заголовков</Filter>
    </ClInclude>
    <ClInclude Include="Constants.h">
      <Filter>Файлы заголовков</Filter>
    </ClInclude>
    <ClInclude Include="PacketType.h">
      <Filter>Файлы заголовков</Filter>
    </ClInclude>
    <ClInclude Include="Cluster.h">
      <Filter>Файлы заголовков</Filter>
    </ClInclude>
    <ClInclude Include="Server.h">
      <Filter>Файлы заголовков</Filter>
    </ClInclude>
    <ClInclude Include="ServerHandle.h">
      <Filter>Файлы заголовков</Filter>
    </ClInclude>
    <ClInclude Include="ServerLoop.h">
      <Filter>Файлы заголовков</Filter>
    </ClInclude>
    <ClInclude Include="ThreadManager.h">
      <Filter>Файлы заголовков</Filter>
    </ClInclude>
    <ClInclude Include="ThreadStorage.h">
      <Filter>Файлы заголовков</Filter>
    </ClInclude>
    <ClInclude Include="ServerStatus.h">
      <Filter>Файлы заголовков</Filter>
    </ClInclude>
    <ClInclude Include="Connection.h">
      <Filter>Файлы заголовков</Filter>
    </ClInclude>
    <ClInclude Include="AdminPanel.h">
      <Filter>Файлы заголовков</Filter>
    </ClInclude>
    <ClInclude Include="Single.h">
      <Filter>Файлы заголовков</Filter>
    </ClInclude>
  </ItemGroup>
  <ItemGroup>
    <ClCompile Include="Socket.cpp">
      <Filter>Исходные файлы</Filter>
    </ClCompile>
    <ClCompile Include="SocksException.cpp">
      <Filter>Исходные файлы</Filter>
    </ClCompile>
    <ClCompile Include="Net.cpp">
      <Filter>Исходные файлы</Filter>
    </ClCompile>
    <ClCompile Include="IPEndpoint.cpp">
      <Filter>Исходные файлы</Filter>
    </ClCompile>
    <ClCompile Include="SocketException.cpp">
      <Filter>Исходные файлы</Filter>
    </ClCompile>
    <ClCompile Include="Cluster.cpp">
      <Filter>Исходные файлы</Filter>
    </ClCompile>
    <ClCompile Include="Server.cpp">
      <Filter>Исходные файлы</Filter>
    </ClCompile>
    <ClCompile Include="ServerHandle.cpp">
      <Filter>Исходные файлы</Filter>
    </ClCompile>
    <ClCompile Include="ServerLoop.cpp">
      <Filter>Исходные файлы</Filter>
    </ClCompile>
    <ClCompile Include="ThreadManager.cpp">
      <Filter>Исходные файлы</Filter>
    </ClCompile>
    <ClCompile Include="Connection.cpp">
      <Filter>Исходные файлы</Filter>
    </ClCompile>
    <ClCompile Include="AdminPanel.cpp">
      <Filter>Исходные файлы</Filter>
    </ClCompile>
    <ClCompile Include="Single.cpp">
      <Filter>Исходные файлы</Filter>
    </ClCompile>
  </ItemGroup>
</Project>